
Microsoft Visual Studio Solution File, Format Version 12.00
# Visual Studio Version 16
VisualStudioVersion = 16.0.30711.63
MinimumVisualStudioVersion = 10.0.40219.1
Project("{9A19103F-16F7-4668-BE54-9A1E7A4F7556}") = "WebAdvert.SearchWorker", "WebAdvert.SearchWorker.csproj", "{7BE52D11-EA0D-4E90-91A7-1E781FF406D0}"
EndProject
Global
	GlobalSection(SolutionConfigurationPlatforms) = preSolution
		Debug|Any CPU = Debug|Any CPU
		Release|Any CPU = Release|Any CPU
	EndGlobalSection
	GlobalSection(ProjectConfigurationPlatforms) = postSolution
		{7BE52D11-EA0D-4E90-91A7-1E781FF406D0}.Debug|Any CPU.ActiveCfg = Debug|Any CPU
		{7BE52D11-EA0D-4E90-91A7-1E781FF406D0}.Debug|Any CPU.Build.0 = Debug|Any CPU
		{7BE52D11-EA0D-4E90-91A7-1E781FF406D0}.Release|Any CPU.ActiveCfg = Release|Any CPU
		{7BE52D11-EA0D-4E90-91A7-1E781FF406D0}.Release|Any CPU.Build.0 = Release|Any CPU
	EndGlobalSection
	GlobalSection(SolutionProperties) = preSolution
		HideSolutionNode = FALSE
	EndGlobalSection
	GlobalSection(ExtensibilityGlobals) = postSolution
		SolutionGuid = {A4EE7651-8743-4376-A636-77E5E0DB9CEE}
	EndGlobalSection
EndGlobal
